
Microsoft Visual Studio Solution File, Format Version 12.00
# Visual Studio Version 17
VisualStudioVersion = 17.6.33829.357
MinimumVisualStudioVersion = 10.0.40219.1
Project("{FAE04EC0-301F-11D3-BF4B-00C04F79EFBC}") = "MVC2_Auth", "MVC2_Auth\MVC2_Auth.csproj", "{185317CA-98C9-48FA-B130-F391400A12DA}"
EndProject
Global
	GlobalSection(SolutionConfigurationPlatforms) = preSolution
		Debug|Any CPU = Debug|Any CPU
		Release|Any CPU = Release|Any CPU
	EndGlobalSection
	GlobalSection(ProjectConfigurationPlatforms) = postSolution
		{185317CA-98C9-48FA-B130-F391400A12DA}.Debug|Any CPU.ActiveCfg = Debug|Any CPU
		{185317CA-98C9-48FA-B130-F391400A12DA}.Debug|Any CPU.Build.0 = Debug|Any CPU
		{185317CA-98C9-48FA-B130-F391400A12DA}.Release|Any CPU.ActiveCfg = Release|Any CPU
		{185317CA-98C9-48FA-B130-F391400A12DA}.Release|Any CPU.Build.0 = Release|Any CPU
	EndGlobalSection
	GlobalSection(SolutionProperties) = preSolution
		HideSolutionNode = FALSE
	EndGlobalSection
	GlobalSection(ExtensibilityGlobals) = postSolution
		SolutionGuid = {C6E13F28-6355-4403-94DC-043E8B7F6B88}
	EndGlobalSection
EndGlobal
